
Microsoft Visual Studio Solution File, Format Version 12.00
# Visual Studio Version 17
VisualStudioVersion = 17.11.35219.272
MinimumVisualStudioVersion = 10.0.40219.1
Project("{FAE04EC0-301F-11D3-BF4B-00C04F79EFBC}") = "EV3ProgramacionAvanzada", "EV3ProgramacionAvanzada\EV3ProgramacionAvanzada.csproj", "{17D4F882-3561-41BE-8482-824FC3C66DF9}"
EndProject
Global
	GlobalSection(SolutionConfigurationPlatforms) = preSolution
		Debug|Any CPU = Debug|Any CPU
		Release|Any CPU = Release|Any CPU
	EndGlobalSection
	GlobalSection(ProjectConfigurationPlatforms) = postSolution
		{17D4F882-3561-41BE-8482-824FC3C66DF9}.Debug|Any CPU.ActiveCfg = Debug|Any CPU
		{17D4F882-3561-41BE-8482-824FC3C66DF9}.Debug|Any CPU.Build.0 = Debug|Any CPU
		{17D4F882-3561-41BE-8482-824FC3C66DF9}.Release|Any CPU.ActiveCfg = Release|Any CPU
		{17D4F882-3561-41BE-8482-824FC3C66DF9}.Release|Any CPU.Build.0 = Release|Any CPU
	EndGlobalSection
	GlobalSection(SolutionProperties) = preSolution
		HideSolutionNode = FALSE
	EndGlobalSection
	GlobalSection(ExtensibilityGlobals) = postSolution
		SolutionGuid = {D0FDEFF4-2A4F-47C9-88C0-049E69F995FE}
	EndGlobalSection
EndGlobal
